
Microsoft Visual Studio Solution File, Format Version 12.00
# Visual Studio Version 17
VisualStudioVersion = 17.13.35818.85 d17.13
MinimumVisualStudioVersion = 10.0.40219.1
Project("{8BC9CEB8-8B4A-11D0-8D11-00A0C91BC942}") = "Calc", "Calc\Calc.vcxproj", "{EAEB437A-C1E7-55B3-BBD7-2DA1EA1B91CC}"
EndProject
Global
	GlobalSection(SolutionConfigurationPlatforms) = preSolution
		Debug|x64 = Debug|x64
		Debug|x86 = Debug|x86
		Release|x64 = Release|x64
		Release|x86 = Release|x86
	EndGlobalSection
	GlobalSection(ProjectConfigurationPlatforms) = postSolution
		{EAEB437A-C1E7-55B3-BBD7-2DA1EA1B91CC}.Debug|x64.ActiveCfg = Debug|x64
		{EAEB437A-C1E7-55B3-BBD7-2DA1EA1B91CC}.Debug|x64.Build.0 = Debug|x64
		{EAEB437A-C1E7-55B3-BBD7-2DA1EA1B91CC}.Debug|x86.ActiveCfg = Debug|Win32
		{EAEB437A-C1E7-55B3-BBD7-2DA1EA1B91CC}.Debug|x86.Build.0 = Debug|Win32
		{EAEB437A-C1E7-55B3-BBD7-2DA1EA1B91CC}.Release|x64.ActiveCfg = Release|x64
		{EAEB437A-C1E7-55B3-BBD7-2DA1EA1B91CC}.Release|x64.Build.0 = Release|x64
		{EAEB437A-C1E7-55B3-BBD7-2DA1EA1B91CC}.Release|x86.ActiveCfg = Release|Win32
		{EAEB437A-C1E7-55B3-BBD7-2DA1EA1B91CC}.Release|x86.Build.0 = Release|Win32
	EndGlobalSection
	GlobalSection(SolutionProperties) = preSolution
		HideSolutionNode = FALSE
	EndGlobalSection
	GlobalSection(ExtensibilityGlobals) = postSolution
		SolutionGuid = {12A8C53B-3534-4FC2-B5BC-1FBA42D4F569}
	EndGlobalSection
EndGlobal
